// !$*UTF8*$!
{
	archiveVersion = 1;
	classes = {
	};
	objectVersion = 46;
	objects = {

/* Begin PBXBuildFile section */
		1CA673E218F0592E00159565 /* Foundation.framework in Frameworks */ = {isa = PBXBuildFile; fileRef = 1CA673E118F0592E00159565 /* Foundation.framework */; };
		1CA673E418F0592E00159565 /* CoreGraphics.framework in Frameworks */ = {isa = PBXBuildFile; fileRef = 1CA673E318F0592E00159565 /* CoreGraphics.framework */; };
		1CA673E618F0592E00159565 /* UIKit.framework in Frameworks */ = {isa = PBXBuildFile; fileRef = 1CA673E518F0592E00159565 /* UIKit.framework */; };
		1CA673EC18F0592E00159565 /* InfoPlist.strings in Resources */ = {isa = PBXBuildFile; fileRef = 1CA673EA18F0592E00159565 /* InfoPlist.strings */; };
		1CA673EE18F0592E00159565 /* main.m in Sources */ = {isa = PBXBuildFile; fileRef = 1CA673ED18F0592E00159565 /* main.m */; };
		1CA673F218F0592E00159565 /* VCAppDelegate.m in Sources */ = {isa = PBXBuildFile; fileRef = 1CA673F118F0592E00159565 /* VCAppDelegate.m */; };
		1CA673F418F0592E00159565 /* Images.xcassets in Resources */ = {isa = PBXBuildFile; fileRef = 1CA673F318F0592E00159565 /* Images.xcassets */; };
		1CA673FB18F0592E00159565 /* XCTest.framework in Frameworks */ = {isa = PBXBuildFile; fileRef = 1CA673FA18F0592E00159565 /* XCTest.framework */; };
		1CA673FC18F0592E00159565 /* Foundation.framework in Frameworks */ = {isa = PBXBuildFile; fileRef = 1CA673E118F0592E00159565 /* Foundation.framework */; };
		1CA673FD18F0592E00159565 /* UIKit.framework in Frameworks */ = {isa = PBXBuildFile; fileRef = 1CA673E518F0592E00159565 /* UIKit.framework */; };
		1CA6740518F0592E00159565 /* InfoPlist.strings in Resources */ = {isa = PBXBuildFile; fileRef = 1CA6740318F0592E00159565 /* InfoPlist.strings */; };
		1CA6740718F0592E00159565 /* ExampleTests.m in Sources */ = {isa = PBXBuildFile; fileRef = 1CA6740618F0592E00159565 /* ExampleTests.m */; };
		1CA6741518F059E200159565 /* VCGridCell.m in Sources */ = {isa = PBXBuildFile; fileRef = 1CA6741218F059E200159565 /* VCGridCell.m */; };
		1CA6741618F059E200159565 /* VCGridView.m in Sources */ = {isa = PBXBuildFile; fileRef = 1CA6741418F059E200159565 /* VCGridView.m */; };
/* End PBXBuildFile section */

/* Begin PBXContainerItemProxy section */
		1CA673FE18F0592E00159565 /* PBXContainerItemProxy */ = {
			isa = PBXContainerItemProxy;
			containerPortal = 1CA673D618F0592E00159565 /* Project object */;
			proxyType = 1;
			remoteGlobalIDString = 1CA673DD18F0592E00159565;
			remoteInfo = Example;
		};
/* End PBXContainerItemProxy section */

/* Begin PBXFileReference section */
		1CA673DE18F0592E00159565 /* Example.app */ = {isa = PBXFileReference; explicitFileType = wrapper.application; includeInIndex = 0; path = Example.app; sourceTree = BUILT_PRODUCTS_DIR; };
		1CA673E118F0592E00159565 /* Foundation.framework */ = {isa = PBXFileReference; lastKnownFileType = wrapper.framework; name = Foundation.framework; path = System/Library/Frameworks/Foundation.framework; sourceTree = SDKROOT; };
		1CA673E318F0592E00159565 /* CoreGraphics.framework */ = {isa = PBXFileReference; lastKnownFileType = wrapper.framework; name = CoreGraphics.framework; path = System/Library/Frameworks/CoreGraphics.framework; sourceTree = SDKROOT; };
		1CA673E518F0592E00159565 /* UIKit.framework */ = {isa = PBXFileReference; lastKnownFileType = wrapper.framework; name = UIKit.framework; path = System/Library/Frameworks/UIKit.framework; sourceTree = SDKROOT; };
		1CA673E918F0592E00159565 /* Example-Info.plist */ = {isa = PBXFileReference; lastKnownFileType = text.plist.xml; path = "Example-Info.plist"; sourceTree = "<group>"; };
		1CA673EB18F0592E00159565 /* en */ = {isa = PBXFileReference; lastKnownFileType = text.plist.strings; name = en; path = en.lproj/InfoPlist.strings; sourceTree = "<group>"; };
		1CA673ED18F0592E00159565 /* main.m */ = {isa = PBXFileReference; lastKnownFileType = sourcecode.c.objc; path = main.m; sourceTree = "<group>"; };
		1CA673EF18F0592E00159565 /* Example-Prefix.pch */ = {isa = PBXFileReference; lastKnownFileType = sourcecode.c.h; path = "Example-Prefix.pch"; sourceTree = "<group>"; };
		1CA673F018F0592E00159565 /* VCAppDelegate.h */ = {isa = PBXFileReference; lastKnownFileType = sourcecode.c.h; path = VCAppDelegate.h; sourceTree = "<group>"; };
		1CA673F118F0592E00159565 /* VCAppDelegate.m */ = {isa = PBXFileReference; lastKnownFileType = sourcecode.c.objc; path = VCAppDelegate.m; sourceTree = "<group>"; };
		1CA673F318F0592E00159565 /* Images.xcassets */ = {isa = PBXFileReference; lastKnownFileType = folder.assetcatalog; path = Images.xcassets; sourceTree = "<group>"; };
		1CA673F918F0592E00159565 /* ExampleTests.xctest */ = {isa = PBXFileReference; explicitFileType = wrapper.cfbundle; includeInIndex = 0; path = ExampleTests.xctest; sourceTree = BUILT_PRODUCTS_DIR; };
		1CA673FA18F0592E00159565 /* XCTest.framework */ = {isa = PBXFileReference; lastKnownFileType = wrapper.framework; name = XCTest.framework; path = Library/Frameworks/XCTest.framework; sourceTree = DEVELOPER_DIR; };
		1CA6740218F0592E00159565 /* ExampleTests-Info.plist */ = {isa = PBXFileReference; lastKnownFileType = text.plist.xml; path = "ExampleTests-Info.plist"; sourceTree = "<group>"; };
		1CA6740418F0592E00159565 /* en */ = {isa = PBXFileReference; lastKnownFileType = text.plist.strings; name = en; path = en.lproj/InfoPlist.strings; sourceTree = "<group>"; };
		1CA6740618F0592E00159565 /* ExampleTests.m */ = {isa = PBXFileReference; lastKnownFileType = sourcecode.c.objc; path = ExampleTests.m; sourceTree = "<group>"; };
		1CA6741118F059E200159565 /* VCGridCell.h */ = {isa = PBXFileReference; fileEncoding = 4; lastKnownFileType = sourcecode.c.h; path = VCGridCell.h; sourceTree = "<group>"; };
		1CA6741218F059E200159565 /* VCGridCell.m */ = {isa = PBXFileReference; fileEncoding = 4; lastKnownFileType = sourcecode.c.objc; path = VCGridCell.m; sourceTree = "<group>"; };
		1CA6741318F059E200159565 /* VCGridView.h */ = {isa = PBXFileReference; fileEncoding = 4; lastKnownFileType = sourcecode.c.h; path = VCGridView.h; sourceTree = "<group>"; };
		1CA6741418F059E200159565 /* VCGridView.m */ = {isa = PBXFileReference; fileEncoding = 4; lastKnownFileType = sourcecode.c.objc; path = VCGridView.m; sourceTree = "<group>"; };
/* End PBXFileReference section */

/* Begin PBXFrameworksBuildPhase section */
		1CA673DB18F0592E00159565 /* Frameworks */ = {
			isa = PBXFrameworksBuildPhase;
			buildActionMask = 2147483647;
			files = (
				1CA673E418F0592E00159565 /* CoreGraphics.framework in Frameworks */,
				1CA673E618F0592E00159565 /* UIKit.framework in Frameworks */,
				1CA673E218F0592E00159565 /* Foundation.framework in Frameworks */,
			);
			runOnlyForDeploymentPostprocessing = 0;
		};
		1CA673F618F0592E00159565 /* Frameworks */ = {
			isa = PBXFrameworksBuildPhase;
			buildActionMask = 2147483647;
			files = (
				1CA673FB18F0592E00159565 /* XCTest.framework in Frameworks */,
				1CA673FD18F0592E00159565 /* UIKit.framework in Frameworks */,
				1CA673FC18F0592E00159565 /* Foundation.framework in Frameworks */,
			);
			runOnlyForDeploymentPostprocessing = 0;
		};
/* End PBXFrameworksBuildPhase section */

/* Begin PBXGroup section */
		1CA673D518F0592E00159565 = {
			isa = PBXGroup;
			children = (
				1CA6741018F059E200159565 /* VCGridView */,
				1CA673E718F0592E00159565 /* Example */,
				1CA6740018F0592E00159565 /* ExampleTests */,
				1CA673E018F0592E00159565 /* Frameworks */,
				1CA673DF18F0592E00159565 /* Products */,
			);
			sourceTree = "<group>";
		};
		1CA673DF18F0592E00159565 /* Products */ = {
			isa = PBXGroup;
			children = (
				1CA673DE18F0592E00159565 /* Example.app */,
				1CA673F918F0592E00159565 /* ExampleTests.xctest */,
			);
			name = Products;
			sourceTree = "<group>";
		};
		1CA673E018F0592E00159565 /* Frameworks */ = {
			isa = PBXGroup;
			children = (
				1CA673E118F0592E00159565 /* Foundation.framework */,
				1CA673E318F0592E00159565 /* CoreGraphics.framework */,
				1CA673E518F0592E00159565 /* UIKit.framework */,
				1CA673FA18F0592E00159565 /* XCTest.framework */,
			);
			name = Frameworks;
			sourceTree = "<group>";
		};
		1CA673E718F0592E00159565 /* Example */ = {
			isa = PBXGroup;
			children = (
				1CA673F018F0592E00159565 /* VCAppDelegate.h */,
				1CA673F118F0592E00159565 /* VCAppDelegate.m */,
				1CA673F318F0592E00159565 /* Images.xcassets */,
				1CA673E818F0592E00159565 /* Supporting Files */,
			);
			path = Example;
			sourceTree = "<group>";
		};
		1CA673E818F0592E00159565 /* Supporting Files */ = {
			isa = PBXGroup;
			children = (
				1CA673E918F0592E00159565 /* Example-Info.plist */,
				1CA673EA18F0592E00159565 /* InfoPlist.strings */,
				1CA673ED18F0592E00159565 /* main.m */,
				1CA673EF18F0592E00159565 /* Example-Prefix.pch */,
			);
			name = "Supporting Files";
			sourceTree = "<group>";
		};
		1CA6740018F0592E00159565 /* ExampleTests */ = {
			isa = PBXGroup;
			children = (
				1CA6740618F0592E00159565 /* ExampleTests.m */,
				1CA6740118F0592E00159565 /* Supporting Files */,
			);
			path = ExampleTests;
			sourceTree = "<group>";
		};
		1CA6740118F0592E00159565 /* Supporting Files */ = {
			isa = PBXGroup;
			children = (
				1CA6740218F0592E00159565 /* ExampleTests-Info.plist */,
				1CA6740318F0592E00159565 /* InfoPlist.strings */,
			);
			name = "Supporting Files";
			sourceTree = "<group>";
		};
		1CA6741018F059E200159565 /* VCGridView */ = {
			isa = PBXGroup;
			children = (
				1CA6741118F059E200159565 /* VCGridCell.h */,
				1CA6741218F059E200159565 /* VCGridCell.m */,
				1CA6741318F059E200159565 /* VCGridView.h */,
				1CA6741418F059E200159565 /* VCGridView.m */,
			);
			path = VCGridView;
			sourceTree = "<group>";
		};
/* End PBXGroup section */

/* Begin PBXNativeTarget section */
		1CA673DD18F0592E00159565 /* Example */ = {
			isa = PBXNativeTarget;
			buildConfigurationList = 1CA6740A18F0592E00159565 /* Build configuration list for PBXNativeTarget "Example" */;
			buildPhases = (
				1CA673DA18F0592E00159565 /* Sources */,
				1CA673DB18F0592E00159565 /* Frameworks */,
				1CA673DC18F0592E00159565 /* Resources */,
			);
			buildRules = (
			);
			dependencies = (
			);
			name = Example;
			productName = Example;
			productReference = 1CA673DE18F0592E00159565 /* Example.app */;
			productType = "com.apple.product-type.application";
		};
		1CA673F818F0592E00159565 /* ExampleTests */ = {
			isa = PBXNativeTarget;
			buildConfigurationList = 1CA6740D18F0592E00159565 /* Build configuration list for PBXNativeTarget "ExampleTests" */;
			buildPhases = (
				1CA673F518F0592E00159565 /* Sources */,
				1CA673F618F0592E00159565 /* Frameworks */,
				1CA673F718F0592E00159565 /* Resources */,
			);
			buildRules = (
			);
			dependencies = (
				1CA673FF18F0592E00159565 /* PBXTargetDependency */,
			);
			name = ExampleTests;
			productName = ExampleTests;
			productReference = 1CA673F918F0592E00159565 /* ExampleTests.xctest */;
			productType = "com.apple.product-type.bundle.unit-test";
		};
/* End PBXNativeTarget section */

/* Begin PBXProject section */
		1CA673D618F0592E00159565 /* Project object */ = {
			isa = PBXProject;
			attributes = {
				CLASSPREFIX = VC;
				LastUpgradeCheck = 0510;
				ORGANIZATIONNAME = "___Vic Studio___";
				TargetAttributes = {
					1CA673F818F0592E00159565 = {
						TestTargetID = 1CA673DD18F0592E00159565;
					};
				};
			};
			buildConfigurationList = 1CA673D918F0592E00159565 /* Build configuration list for PBXProject "Example" */;
			compatibilityVersion = "Xcode 3.2";
			developmentRegion = English;
			hasScannedForEncodings = 0;
			knownRegions = (
				en,
			);
			mainGroup = 1CA673D518F0592E00159565;
			productRefGroup = 1CA673DF18F0592E00159565 /* Products */;
			projectDirPath = "";
			projectRoot = "";
			targets = (
				1CA673DD18F0592E00159565 /* Example */,
				1CA673F818F0592E00159565 /* ExampleTests */,
			);
		};
/* End PBXProject section */

/* Begin PBXResourcesBuildPhase section */
		1CA673DC18F0592E00159565 /* Resources */ = {
			isa = PBXResourcesBuildPhase;
			buildActionMask = 2147483647;
			files = (
				1CA673EC18F0592E00159565 /* InfoPlist.strings in Resources */,
				1CA673F418F0592E00159565 /* Images.xcassets in Resources */,
			);
			runOnlyForDeploymentPostprocessing = 0;
		};
		1CA673F718F0592E00159565 /* Resources */ = {
			isa = PBXResourcesBuildPhase;
			buildActionMask = 2147483647;
			files = (
				1CA6740518F0592E00159565 /* InfoPlist.strings in Resources */,
			);
			runOnlyForDeploymentPostprocessing = 0;
		};
/* End PBXResourcesBuildPhase section */

/* Begin PBXSourcesBuildPhase section */
		1CA673DA18F0592E00159565 /* Sources */ = {
			isa = PBXSourcesBuildPhase;
			buildActionMask = 2147483647;
			files = (
				1CA6741518F059E200159565 /* VCGridCell.m in Sources */,
				1CA6741618F059E200159565 /* VCGridView.m in Sources */,
				1CA673EE18F0592E00159565 /* main.m in Sources */,
				1CA673F218F0592E00159565 /* VCAppDelegate.m in Sources */,
			);
			runOnlyForDeploymentPostprocessing = 0;
		};
		1CA673F518F0592E00159565 /* Sources */ = {
			isa = PBXSourcesBuildPhase;
			buildActionMask = 2147483647;
			files = (
				1CA6740718F0592E00159565 /* ExampleTests.m in Sources */,
			);
			runOnlyForDeploymentPostprocessing = 0;
		};
/* End PBXSourcesBuildPhase section */

/* Begin PBXTargetDependency section */
		1CA673FF18F0592E00159565 /* PBXTargetDependency */ = {
			isa = PBXTargetDependency;
			target = 1CA673DD18F0592E00159565 /* Example */;
			targetProxy = 1CA673FE18F0592E00159565 /* PBXContainerItemProxy */;
		};
/* End PBXTargetDependency section */

/* Begin PBXVariantGroup section */
		1CA673EA18F0592E00159565 /* InfoPlist.strings */ = {
			isa = PBXVariantGroup;
			children = (
				1CA673EB18F0592E00159565 /* en */,
			);
			name = InfoPlist.strings;
			sourceTree = "<group>";
		};
		1CA6740318F0592E00159565 /* InfoPlist.strings */ = {
			isa = PBXVariantGroup;
			children = (
				1CA6740418F0592E00159565 /* en */,
			);
			name = InfoPlist.strings;
			sourceTree = "<group>";
		};
/* End PBXVariantGroup section */

/* Begin XCBuildConfiguration section */
		1CA6740818F0592E00159565 /* Debug */ = {
			isa = XCBuildConfiguration;
			buildSettings = {
				ALWAYS_SEARCH_USER_PATHS = NO;
				CLANG_CXX_LANGUAGE_STANDARD = "gnu++0x";
				CLANG_CXX_LIBRARY = "libc++";
				CLANG_ENABLE_MODULES = YES;
				CLANG_ENABLE_OBJC_ARC = YES;
				CLANG_WARN_BOOL_CONVERSION = YES;
				CLANG_WARN_CONSTANT_CONVERSION = YES;
				CLANG_WARN_DIRECT_OBJC_ISA_USAGE = YES_ERROR;
				CLANG_WARN_EMPTY_BODY = YES;
				CLANG_WARN_ENUM_CONVERSION = YES;
				CLANG_WARN_INT_CONVERSION = YES;
				CLANG_WARN_OBJC_ROOT_CLASS = YES_ERROR;
				CLANG_WARN__DUPLICATE_METHOD_MATCH = YES;
				"CODE_SIGN_IDENTITY[sdk=iphoneos*]" = "iPhone Developer";
				COPY_PHASE_STRIP = NO;
				GCC_C_LANGUAGE_STANDARD = gnu99;
				GCC_DYNAMIC_NO_PIC = NO;
				GCC_OPTIMIZATION_LEVEL = 0;
				GCC_PREPROCESSOR_DEFINITIONS = (
					"DEBUG=1",
					"$(inherited)",
				);
				GCC_SYMBOLS_PRIVATE_EXTERN = NO;
				GCC_WARN_64_TO_32_BIT_CONVERSION = YES;
				GCC_WARN_ABOUT_RETURN_TYPE = YES_ERROR;
				GCC_WARN_UNDECLARED_SELECTOR = YES;
				GCC_WARN_UNINITIALIZED_AUTOS = YES_AGGRESSIVE;
				GCC_WARN_UNUSED_FUNCTION = YES;
				GCC_WARN_UNUSED_VARIABLE = YES;
				IPHONEOS_DEPLOYMENT_TARGET = 7.1;
				ONLY_ACTIVE_ARCH = YES;
				SDKROOT = iphoneos;
				TARGETED_DEVICE_FAMILY = "1,2";
			};
			name = Debug;
		};
		1CA6740918F0592E00159565 /* Release */ = {
			isa = XCBuildConfiguration;
			buildSettings = {
				ALWAYS_SEARCH_USER_PATHS = NO;
				CLANG_CXX_LANGUAGE_STANDARD = "gnu++0x";
				CLANG_CXX_LIBRARY = "libc++";
				CLANG_ENABLE_MODULES = YES;
				CLANG_ENABLE_OBJC_ARC = YES;
				CLANG_WARN_BOOL_CONVERSION = YES;
				CLANG_WARN_CONSTANT_CONVERSION = YES;
				CLANG_WARN_DIRECT_OBJC_ISA_USAGE = YES_ERROR;
				CLANG_WARN_EMPTY_BODY = YES;
				CLANG_WARN_ENUM_CONVERSION = YES;
				CLANG_WARN_INT_CONVERSION = YES;
				CLANG_WARN_OBJC_ROOT_CLASS = YES_ERROR;
				CLANG_WARN__DUPLICATE_METHOD_MATCH = YES;
				"CODE_SIGN_IDENTITY[sdk=iphoneos*]" = "iPhone Developer";
				COPY_PHASE_STRIP = YES;
				ENABLE_NS_ASSERTIONS = NO;
				GCC_C_LANGUAGE_STANDARD = gnu99;
				GCC_WARN_64_TO_32_BIT_CONVERSION = YES;
				GCC_WARN_ABOUT_RETURN_TYPE = YES_ERROR;
				GCC_WARN_UNDECLARED_SELECTOR = YES;
				GCC_WARN_UNINITIALIZED_AUTOS = YES_AGGRESSIVE;
				GCC_WARN_UNUSED_FUNCTION = YES;
				GCC_WARN_UNUSED_VARIABLE = YES;
				IPHONEOS_DEPLOYMENT_TARGET = 7.1;
				SDKROOT = iphoneos;
				TARGETED_DEVICE_FAMILY = "1,2";
				VALIDATE_PRODUCT = YES;
			};
			name = Release;
		};
		1CA6740B18F0592E00159565 /* Debug */ = {
			isa = XCBuildConfiguration;
			buildSettings = {
				ASSETCATALOG_COMPILER_APPICON_NAME = AppIcon;
				ASSETCATALOG_COMPILER_LAUNCHIMAGE_NAME = LaunchImage;
				GCC_PRECOMPILE_PREFIX_HEADER = YES;
				GCC_PREFIX_HEADER = "Example/Example-Prefix.pch";
				INFOPLIST_FILE = "Example/Example-Info.plist";
				IPHONEOS_DEPLOYMENT_TARGET = 5.1.1;
				PRODUCT_NAME = "$(TARGET_NAME)";
				WRAPPER_EXTENSION = app;
			};
			name = Debug;
		};
		1CA6740C18F0592E00159565 /* Release */ = {
			isa = XCBuildConfiguration;
			buildSettings = {
				ASSETCATALOG_COMPILER_APPICON_NAME = AppIcon;
				ASSETCATALOG_COMPILER_LAUNCHIMAGE_NAME = LaunchImage;
				GCC_PRECOMPILE_PREFIX_HEADER = YES;
				GCC_PREFIX_HEADER = "Example/Example-Prefix.pch";
				INFOPLIST_FILE = "Example/Example-Info.plist";
				IPHONEOS_DEPLOYMENT_TARGET = 5.1.1;
				PRODUCT_NAME = "$(TARGET_NAME)";
				WRAPPER_EXTENSION = app;
			};
			name = Release;
		};
		1CA6740E18F0592E00159565 /* Debug */ = {
			isa = XCBuildConfiguration;
			buildSettings = {
				BUNDLE_LOADER = "$(BUILT_PRODUCTS_DIR)/Example.app/Example";
				FRAMEWORK_SEARCH_PATHS = (
					"$(SDKROOT)/Developer/Library/Frameworks",
					"$(inherited)",
					"$(DEVELOPER_FRAMEWORKS_DIR)",
				);
				GCC_PRECOMPILE_PREFIX_HEADER = YES;
				GCC_PREFIX_HEADER = "Example/Example-Prefix.pch";
				GCC_PREPROCESSOR_DEFINITIONS = (
					"DEBUG=1",
					"$(inherited)",
				);
				INFOPLIST_FILE = "ExampleTests/ExampleTests-Info.plist";
				PRODUCT_NAME = "$(TARGET_NAME)";
				TEST_HOST = "$(BUNDLE_LOADER)";
				WRAPPER_EXTENSION = xctest;
			};
			name = Debug;
		};
		1CA6740F18F0592E00159565 /* Release */ = {
			isa = XCBuildConfiguration;
			buildSettings = {
				BUNDLE_LOADER = "$(BUILT_PRODUCTS_DIR)/Example.app/Example";
				FRAMEWORK_SEARCH_PATHS = (
					"$(SDKROOT)/Developer/Library/Frameworks",
					"$(inherited)",
					"$(DEVELOPER_FRAMEWORKS_DIR)",
				);
				GCC_PRECOMPILE_PREFIX_HEADER = YES;
				GCC_PREFIX_HEADER = "Example/Example-Prefix.pch";
				INFOPLIST_FILE = "ExampleTests/ExampleTests-Info.plist";
				PRODUCT_NAME = "$(TARGET_NAME)";
				TEST_HOST = "$(BUNDLE_LOADER)";
				WRAPPER_EXTENSION = xctest;
			};
			name = Release;
		};
/* End XCBuildConfiguration section */

/* Begin XCConfigurationList section */
		1CA673D918F0592E00159565 /* Build configuration list for PBXProject "Example" */ = {
			isa = XCConfigurationList;
			buildConfigurations = (
				1CA6740818F0592E00159565 /* Debug */,
				1CA6740918F0592E00159565 /* Release */,
			);
			defaultConfigurationIsVisible = 0;
			defaultConfigurationName = Release;
		};
		1CA6740A18F0592E00159565 /* Build configuration list for PBXNativeTarget "Example" */ = {
			isa = XCConfigurationList;
			buildConfigurations = (
				1CA6740B18F0592E00159565 /* Debug */,
				1CA6740C18F0592E00159565 /* Release */,
			);
			defaultConfigurationIsVisible = 0;
			defaultConfigurationName = Release;
		};
		1CA6740D18F0592E00159565 /* Build configuration list for PBXNativeTarget "ExampleTests" */ = {
			isa = XCConfigurationList;
			buildConfigurations = (
				1CA6740E18F0592E00159565 /* Debug */,
				1CA6740F18F0592E00159565 /* Release */,
			);
			defaultConfigurationIsVisible = 0;
			defaultConfigurationName = Release;
		};
/* End XCConfigurationList section */
	};
	rootObject = 1CA673D618F0592E00159565 /* Project object */;
}
